
Microsoft Visual Studio Solution File, Format Version 12.00
# Visual Studio Version 17
VisualStudioVersion = 17.8.34322.80
MinimumVisualStudioVersion = 10.0.40219.1
Project("{9A19103F-16F7-4668-BE54-9A1E7A4F7556}") = "VosimeBlazor", "VosimeBlazor\VosimeBlazor\VosimeBlazor.csproj", "{913B0B18-B51E-4D61-AA36-14A593D21C4A}"
EndProject
Project("{9A19103F-16F7-4668-BE54-9A1E7A4F7556}") = "VosimeBlazor.Client", "VosimeBlazor\VosimeBlazor.Client\VosimeBlazor.Client.csproj", "{2423CA5F-10B9-41C8-8D8E-E44FB0425F17}"
EndProject
Global
	GlobalSection(SolutionConfigurationPlatforms) = preSolution
		Debug|Any CPU = Debug|Any CPU
		Release|Any CPU = Release|Any CPU
	EndGlobalSection
	GlobalSection(ProjectConfigurationPlatforms) = postSolution
		{913B0B18-B51E-4D61-AA36-14A593D21C4A}.Debug|Any CPU.ActiveCfg = Debug|Any CPU
		{913B0B18-B51E-4D61-AA36-14A593D21C4A}.Debug|Any CPU.Build.0 = Debug|Any CPU
		{913B0B18-B51E-4D61-AA36-14A593D21C4A}.Release|Any CPU.ActiveCfg = Release|Any CPU
		{913B0B18-B51E-4D61-AA36-14A593D21C4A}.Release|Any CPU.Build.0 = Release|Any CPU
		{2423CA5F-10B9-41C8-8D8E-E44FB0425F17}.Debug|Any CPU.ActiveCfg = Debug|Any CPU
		{2423CA5F-10B9-41C8-8D8E-E44FB0425F17}.Debug|Any CPU.Build.0 = Debug|Any CPU
		{2423CA5F-10B9-41C8-8D8E-E44FB0425F17}.Release|Any CPU.ActiveCfg = Release|Any CPU
		{2423CA5F-10B9-41C8-8D8E-E44FB0425F17}.Release|Any CPU.Build.0 = Release|Any CPU
	EndGlobalSection
	GlobalSection(SolutionProperties) = preSolution
		HideSolutionNode = FALSE
	EndGlobalSection
	GlobalSection(ExtensibilityGlobals) = postSolution
		SolutionGuid = {9E18F42D-017B-4AF7-AA88-B4636671635C}
	EndGlobalSection
EndGlobal
